
Microsoft Visual Studio Solution File, Format Version 12.00
# Visual Studio 15
VisualStudioVersion = 15.0.28307.106
MinimumVisualStudioVersion = 10.0.40219.1
Project("{2150E333-8FDC-42A3-9474-1A3956D46DE8}") = "src", "src", "{8F6C1080-3045-4BE2-AADD-AEDFAE935D7C}"
EndProject
Project("{2150E333-8FDC-42A3-9474-1A3956D46DE8}") = "test", "test", "{661668B2-C518-40F8-B712-AD4780FBF511}"
EndProject
Project("{9A19103F-16F7-4668-BE54-9A1E7A4F7556}") = "Wtl.Application", "src\Wtl.Application\Wtl.Application.csproj", "{D22CD9B7-F16E-4030-A4CE-A6E71A272F79}"
EndProject
Project("{9A19103F-16F7-4668-BE54-9A1E7A4F7556}") = "Wtl.Core", "src\Wtl.Core\Wtl.Core.csproj", "{446B0248-5260-48F3-AC43-B9F5A1387074}"
EndProject
Project("{9A19103F-16F7-4668-BE54-9A1E7A4F7556}") = "Wtl.EntityFramework", "src\Wtl.EntityFramework\Wtl.EntityFramework.csproj", "{562151F8-6831-4518-ABBC-646CD3AFDF15}"
EndProject
Project("{9A19103F-16F7-4668-BE54-9A1E7A4F7556}") = "Wtl.Web.Core", "src\Wtl.Web.Core\Wtl.Web.Core.csproj", "{A7E39A1B-00AD-4C35-9708-C31942E0275B}"
EndProject
Project("{2150E333-8FDC-42A3-9474-1A3956D46DE8}") = "Smd", "Smd", "{DDD69A41-79DC-4764-8129-F98444320F6D}"
EndProject
Project("{9A19103F-16F7-4668-BE54-9A1E7A4F7556}") = "Smd", "src\Smd.Coe\Smd.csproj", "{A079AF5C-6E51-494F-80D9-096FD0E34EF8}"
EndProject
Project("{9A19103F-16F7-4668-BE54-9A1E7A4F7556}") = "IdentityServerClient", "IdentityServerClient\IdentityServerClient.csproj", "{701ECB19-E7D8-427D-84A4-27B07515916D}"
EndProject
Project("{9A19103F-16F7-4668-BE54-9A1E7A4F7556}") = "Wtl.Web.Mvc", "src\Wtl.Web.Mvc\Wtl.Web.Mvc.csproj", "{903C266A-7BDB-4C2A-9D4E-F9A282B8FC81}"
EndProject
Project("{FAE04EC0-301F-11D3-BF4B-00C04F79EFBC}") = "Smd.EntityFramework", "src\Smd.EntityFramework\Smd.EntityFramework.csproj", "{6794AC51-465F-4249-9212-07C4CF4E6BDC}"
EndProject
Project("{FAE04EC0-301F-11D3-BF4B-00C04F79EFBC}") = "Smd.Zero.Core", "src\Smd.Zero.Core\Smd.Zero.Core.csproj", "{85564A52-161F-414E-9FC2-0EE047A5D3AD}"
EndProject
Project("{FAE04EC0-301F-11D3-BF4B-00C04F79EFBC}") = "Smd.Zero.EntityFramework", "src\Smd.Zero.EntityFramework\Smd.Zero.EntityFramework.csproj", "{A84CC7A4-F7BA-4D0F-B008-4E4EBEC7F87E}"
EndProject
Project("{FAE04EC0-301F-11D3-BF4B-00C04F79EFBC}") = "Smd.Zero.Common", "src\Smd.Zero.Common\Smd.Zero.Common.csproj", "{6A17EFF5-142B-410D-91FE-4E8455BEB8A2}"
EndProject
Global
	GlobalSection(SolutionConfigurationPlatforms) = preSolution
		Debug|Any CPU = Debug|Any CPU
		Release|Any CPU = Release|Any CPU
	EndGlobalSection
	GlobalSection(ProjectConfigurationPlatforms) = postSolution
		{D22CD9B7-F16E-4030-A4CE-A6E71A272F79}.Debug|Any CPU.ActiveCfg = Debug|Any CPU
		{D22CD9B7-F16E-4030-A4CE-A6E71A272F79}.Debug|Any CPU.Build.0 = Debug|Any CPU
		{D22CD9B7-F16E-4030-A4CE-A6E71A272F79}.Release|Any CPU.ActiveCfg = Release|Any CPU
		{D22CD9B7-F16E-4030-A4CE-A6E71A272F79}.Release|Any CPU.Build.0 = Release|Any CPU
		{446B0248-5260-48F3-AC43-B9F5A1387074}.Debug|Any CPU.ActiveCfg = Debug|Any CPU
		{446B0248-5260-48F3-AC43-B9F5A1387074}.Debug|Any CPU.Build.0 = Debug|Any CPU
		{446B0248-5260-48F3-AC43-B9F5A1387074}.Release|Any CPU.ActiveCfg = Release|Any CPU
		{446B0248-5260-48F3-AC43-B9F5A1387074}.Release|Any CPU.Build.0 = Release|Any CPU
		{562151F8-6831-4518-ABBC-646CD3AFDF15}.Debug|Any CPU.ActiveCfg = Debug|Any CPU
		{562151F8-6831-4518-ABBC-646CD3AFDF15}.Debug|Any CPU.Build.0 = Debug|Any CPU
		{562151F8-6831-4518-ABBC-646CD3AFDF15}.Release|Any CPU.ActiveCfg = Release|Any CPU
		{562151F8-6831-4518-ABBC-646CD3AFDF15}.Release|Any CPU.Build.0 = Release|Any CPU
		{A7E39A1B-00AD-4C35-9708-C31942E0275B}.Debug|Any CPU.ActiveCfg = Debug|Any CPU
		{A7E39A1B-00AD-4C35-9708-C31942E0275B}.Debug|Any CPU.Build.0 = Debug|Any CPU
		{A7E39A1B-00AD-4C35-9708-C31942E0275B}.Release|Any CPU.ActiveCfg = Release|Any CPU
		{A7E39A1B-00AD-4C35-9708-C31942E0275B}.Release|Any CPU.Build.0 = Release|Any CPU
		{A079AF5C-6E51-494F-80D9-096FD0E34EF8}.Debug|Any CPU.ActiveCfg = Debug|Any CPU
		{A079AF5C-6E51-494F-80D9-096FD0E34EF8}.Debug|Any CPU.Build.0 = Debug|Any CPU
		{A079AF5C-6E51-494F-80D9-096FD0E34EF8}.Release|Any CPU.ActiveCfg = Release|Any CPU
		{A079AF5C-6E51-494F-80D9-096FD0E34EF8}.Release|Any CPU.Build.0 = Release|Any CPU
		{701ECB19-E7D8-427D-84A4-27B07515916D}.Debug|Any CPU.ActiveCfg = Debug|Any CPU
		{701ECB19-E7D8-427D-84A4-27B07515916D}.Debug|Any CPU.Build.0 = Debug|Any CPU
		{701ECB19-E7D8-427D-84A4-27B07515916D}.Release|Any CPU.ActiveCfg = Release|Any CPU
		{701ECB19-E7D8-427D-84A4-27B07515916D}.Release|Any CPU.Build.0 = Release|Any CPU
		{903C266A-7BDB-4C2A-9D4E-F9A282B8FC81}.Debug|Any CPU.ActiveCfg = Debug|Any CPU
		{903C266A-7BDB-4C2A-9D4E-F9A282B8FC81}.Debug|Any CPU.Build.0 = Debug|Any CPU
		{903C266A-7BDB-4C2A-9D4E-F9A282B8FC81}.Release|Any CPU.ActiveCfg = Release|Any CPU
		{903C266A-7BDB-4C2A-9D4E-F9A282B8FC81}.Release|Any CPU.Build.0 = Release|Any CPU
		{6794AC51-465F-4249-9212-07C4CF4E6BDC}.Debug|Any CPU.ActiveCfg = Debug|Any CPU
		{6794AC51-465F-4249-9212-07C4CF4E6BDC}.Debug|Any CPU.Build.0 = Debug|Any CPU
		{6794AC51-465F-4249-9212-07C4CF4E6BDC}.Release|Any CPU.ActiveCfg = Release|Any CPU
		{6794AC51-465F-4249-9212-07C4CF4E6BDC}.Release|Any CPU.Build.0 = Release|Any CPU
		{85564A52-161F-414E-9FC2-0EE047A5D3AD}.Debug|Any CPU.ActiveCfg = Debug|Any CPU
		{85564A52-161F-414E-9FC2-0EE047A5D3AD}.Debug|Any CPU.Build.0 = Debug|Any CPU
		{85564A52-161F-414E-9FC2-0EE047A5D3AD}.Release|Any CPU.ActiveCfg = Release|Any CPU
		{85564A52-161F-414E-9FC2-0EE047A5D3AD}.Release|Any CPU.Build.0 = Release|Any CPU
		{A84CC7A4-F7BA-4D0F-B008-4E4EBEC7F87E}.Debug|Any CPU.ActiveCfg = Debug|Any CPU
		{A84CC7A4-F7BA-4D0F-B008-4E4EBEC7F87E}.Debug|Any CPU.Build.0 = Debug|Any CPU
		{A84CC7A4-F7BA-4D0F-B008-4E4EBEC7F87E}.Release|Any CPU.ActiveCfg = Release|Any CPU
		{A84CC7A4-F7BA-4D0F-B008-4E4EBEC7F87E}.Release|Any CPU.Build.0 = Release|Any CPU
		{6A17EFF5-142B-410D-91FE-4E8455BEB8A2}.Debug|Any CPU.ActiveCfg = Debug|Any CPU
		{6A17EFF5-142B-410D-91FE-4E8455BEB8A2}.Debug|Any CPU.Build.0 = Debug|Any CPU
		{6A17EFF5-142B-410D-91FE-4E8455BEB8A2}.Release|Any CPU.ActiveCfg = Release|Any CPU
		{6A17EFF5-142B-410D-91FE-4E8455BEB8A2}.Release|Any CPU.Build.0 = Release|Any CPU
	EndGlobalSection
	GlobalSection(SolutionProperties) = preSolution
		HideSolutionNode = FALSE
	EndGlobalSection
	GlobalSection(NestedProjects) = preSolution
		{D22CD9B7-F16E-4030-A4CE-A6E71A272F79} = {8F6C1080-3045-4BE2-AADD-AEDFAE935D7C}
		{446B0248-5260-48F3-AC43-B9F5A1387074} = {8F6C1080-3045-4BE2-AADD-AEDFAE935D7C}
		{562151F8-6831-4518-ABBC-646CD3AFDF15} = {8F6C1080-3045-4BE2-AADD-AEDFAE935D7C}
		{A7E39A1B-00AD-4C35-9708-C31942E0275B} = {8F6C1080-3045-4BE2-AADD-AEDFAE935D7C}
		{DDD69A41-79DC-4764-8129-F98444320F6D} = {8F6C1080-3045-4BE2-AADD-AEDFAE935D7C}
		{A079AF5C-6E51-494F-80D9-096FD0E34EF8} = {DDD69A41-79DC-4764-8129-F98444320F6D}
		{701ECB19-E7D8-427D-84A4-27B07515916D} = {8F6C1080-3045-4BE2-AADD-AEDFAE935D7C}
		{903C266A-7BDB-4C2A-9D4E-F9A282B8FC81} = {8F6C1080-3045-4BE2-AADD-AEDFAE935D7C}
		{6794AC51-465F-4249-9212-07C4CF4E6BDC} = {DDD69A41-79DC-4764-8129-F98444320F6D}
		{85564A52-161F-414E-9FC2-0EE047A5D3AD} = {DDD69A41-79DC-4764-8129-F98444320F6D}
		{A84CC7A4-F7BA-4D0F-B008-4E4EBEC7F87E} = {DDD69A41-79DC-4764-8129-F98444320F6D}
		{6A17EFF5-142B-410D-91FE-4E8455BEB8A2} = {DDD69A41-79DC-4764-8129-F98444320F6D}
	EndGlobalSection
	GlobalSection(ExtensibilityGlobals) = postSolution
		SolutionGuid = {27BAF8F6-F3E0-4370-9435-930DEA49F4F5}
	EndGlobalSection
EndGlobal
