
Microsoft Visual Studio Solution File, Format Version 12.00
# Visual Studio 15
VisualStudioVersion = 15.0.28307.106
MinimumVisualStudioVersion = 10.0.40219.1
Project("{2150E333-8FDC-42A3-9474-1A3956D46DE8}") = "src", "src", "{8F6C1080-3045-4BE2-AADD-AEDFAE935D7C}"
EndProject
Project("{2150E333-8FDC-42A3-9474-1A3956D46DE8}") = "test", "test", "{661668B2-C518-40F8-B712-AD4780FBF511}"
EndProject
Project("{FAE04EC0-301F-11D3-BF4B-00C04F79EFBC}") = "Wtl.Application", "src\Wtl.Application\Wtl.Application.csproj", "{D22CD9B7-F16E-4030-A4CE-A6E71A272F79}"
EndProject
Project("{FAE04EC0-301F-11D3-BF4B-00C04F79EFBC}") = "Wtl.Core", "src\Wtl.Core\Wtl.Core.csproj", "{446B0248-5260-48F3-AC43-B9F5A1387074}"
EndProject
Project("{FAE04EC0-301F-11D3-BF4B-00C04F79EFBC}") = "Wtl.EntityFramework", "src\Wtl.EntityFramework\Wtl.EntityFramework.csproj", "{562151F8-6831-4518-ABBC-646CD3AFDF15}"
EndProject
Project("{FAE04EC0-301F-11D3-BF4B-00C04F79EFBC}") = "Wtl.Web.Core", "src\Wtl.Web.Core\Wtl.Web.Core.csproj", "{A7E39A1B-00AD-4C35-9708-C31942E0275B}"
EndProject
Project("{FAE04EC0-301F-11D3-BF4B-00C04F79EFBC}") = "Wtl.Web.Mvc", "src\Wtl.Web.Mvc\Wtl.Web.Mvc.csproj", "{E7640A30-919B-409D-BB59-6C8FDFB19046}"
EndProject
Project("{FAE04EC0-301F-11D3-BF4B-00C04F79EFBC}") = "Wtl.Web.Host", "src\Wtl.Web.Host\Wtl.Web.Host.csproj", "{61DDB5B4-3FCD-47CC-AE08-7585C7DA6362}"
EndProject
Global
	GlobalSection(SolutionConfigurationPlatforms) = preSolution
		Debug|Any CPU = Debug|Any CPU
		Release|Any CPU = Release|Any CPU
	EndGlobalSection
	GlobalSection(ProjectConfigurationPlatforms) = postSolution
		{D22CD9B7-F16E-4030-A4CE-A6E71A272F79}.Debug|Any CPU.ActiveCfg = Debug|Any CPU
		{D22CD9B7-F16E-4030-A4CE-A6E71A272F79}.Debug|Any CPU.Build.0 = Debug|Any CPU
		{D22CD9B7-F16E-4030-A4CE-A6E71A272F79}.Release|Any CPU.ActiveCfg = Release|Any CPU
		{D22CD9B7-F16E-4030-A4CE-A6E71A272F79}.Release|Any CPU.Build.0 = Release|Any CPU
		{446B0248-5260-48F3-AC43-B9F5A1387074}.Debug|Any CPU.ActiveCfg = Debug|Any CPU
		{446B0248-5260-48F3-AC43-B9F5A1387074}.Debug|Any CPU.Build.0 = Debug|Any CPU
		{446B0248-5260-48F3-AC43-B9F5A1387074}.Release|Any CPU.ActiveCfg = Release|Any CPU
		{446B0248-5260-48F3-AC43-B9F5A1387074}.Release|Any CPU.Build.0 = Release|Any CPU
		{562151F8-6831-4518-ABBC-646CD3AFDF15}.Debug|Any CPU.ActiveCfg = Debug|Any CPU
		{562151F8-6831-4518-ABBC-646CD3AFDF15}.Debug|Any CPU.Build.0 = Debug|Any CPU
		{562151F8-6831-4518-ABBC-646CD3AFDF15}.Release|Any CPU.ActiveCfg = Release|Any CPU
		{562151F8-6831-4518-ABBC-646CD3AFDF15}.Release|Any CPU.Build.0 = Release|Any CPU
		{A7E39A1B-00AD-4C35-9708-C31942E0275B}.Debug|Any CPU.ActiveCfg = Debug|Any CPU
		{A7E39A1B-00AD-4C35-9708-C31942E0275B}.Debug|Any CPU.Build.0 = Debug|Any CPU
		{A7E39A1B-00AD-4C35-9708-C31942E0275B}.Release|Any CPU.ActiveCfg = Release|Any CPU
		{A7E39A1B-00AD-4C35-9708-C31942E0275B}.Release|Any CPU.Build.0 = Release|Any CPU
		{E7640A30-919B-409D-BB59-6C8FDFB19046}.Debug|Any CPU.ActiveCfg = Debug|Any CPU
		{E7640A30-919B-409D-BB59-6C8FDFB19046}.Debug|Any CPU.Build.0 = Debug|Any CPU
		{E7640A30-919B-409D-BB59-6C8FDFB19046}.Release|Any CPU.ActiveCfg = Release|Any CPU
		{E7640A30-919B-409D-BB59-6C8FDFB19046}.Release|Any CPU.Build.0 = Release|Any CPU
		{61DDB5B4-3FCD-47CC-AE08-7585C7DA6362}.Debug|Any CPU.ActiveCfg = Debug|Any CPU
		{61DDB5B4-3FCD-47CC-AE08-7585C7DA6362}.Debug|Any CPU.Build.0 = Debug|Any CPU
		{61DDB5B4-3FCD-47CC-AE08-7585C7DA6362}.Release|Any CPU.ActiveCfg = Release|Any CPU
		{61DDB5B4-3FCD-47CC-AE08-7585C7DA6362}.Release|Any CPU.Build.0 = Release|Any CPU
	EndGlobalSection
	GlobalSection(SolutionProperties) = preSolution
		HideSolutionNode = FALSE
	EndGlobalSection
	GlobalSection(NestedProjects) = preSolution
		{D22CD9B7-F16E-4030-A4CE-A6E71A272F79} = {8F6C1080-3045-4BE2-AADD-AEDFAE935D7C}
		{446B0248-5260-48F3-AC43-B9F5A1387074} = {8F6C1080-3045-4BE2-AADD-AEDFAE935D7C}
		{562151F8-6831-4518-ABBC-646CD3AFDF15} = {8F6C1080-3045-4BE2-AADD-AEDFAE935D7C}
		{A7E39A1B-00AD-4C35-9708-C31942E0275B} = {8F6C1080-3045-4BE2-AADD-AEDFAE935D7C}
		{E7640A30-919B-409D-BB59-6C8FDFB19046} = {8F6C1080-3045-4BE2-AADD-AEDFAE935D7C}
		{61DDB5B4-3FCD-47CC-AE08-7585C7DA6362} = {8F6C1080-3045-4BE2-AADD-AEDFAE935D7C}
	EndGlobalSection
	GlobalSection(ExtensibilityGlobals) = postSolution
		SolutionGuid = {27BAF8F6-F3E0-4370-9435-930DEA49F4F5}
	EndGlobalSection
EndGlobal
